
Microsoft Visual Studio Solution File, Format Version 12.00
Project("{FAE04EC0-301F-11D3-BF4B-00C04F79EFBC}") = "Generator", "Generator\Generator.csproj", "{780FB429-105D-4D8B-8A04-5AC0D97ECF1E}"
EndProject
Project("{FAE04EC0-301F-11D3-BF4B-00C04F79EFBC}") = "SharpImGui", "SharpImGui\SharpImGui.csproj", "{D657374F-04FA-424F-8D89-9B0F103FA93D}"
EndProject
Project("{FAE04EC0-301F-11D3-BF4B-00C04F79EFBC}") = "TestApi", "TestApi\TestApi.csproj", "{3D84B8AC-9ECF-4160-ADE8-04753FBE3A15}"
EndProject
Project("{FAE04EC0-301F-11D3-BF4B-00C04F79EFBC}") = "SharpImPlot", "SharpImPlot\SharpImPlot.csproj", "{013989B8-6458-49FF-A958-3397FF04EA0A}"
EndProject
Project("{FAE04EC0-301F-11D3-BF4B-00C04F79EFBC}") = "SharpImGuizmo", "SharpImGuizmo\SharpImGuizmo.csproj", "{50E8DD2A-90F3-4AAA-B1BC-5D268BB53E97}"
EndProject
Project("{FAE04EC0-301F-11D3-BF4B-00C04F79EFBC}") = "SharpImPlot3D", "SharpImPlot3D\SharpImPlot3D.csproj", "{5BDB8A73-DB2A-445B-81A5-B491B6E57A38}"
EndProject
Project("{FAE04EC0-301F-11D3-BF4B-00C04F79EFBC}") = "SharpImNodes", "SharpImNodes\SharpImNodes.csproj", "{9A3A7CBB-B478-4E04-87A4-1EB9CB0F2D12}"
EndProject
Global
	GlobalSection(SolutionConfigurationPlatforms) = preSolution
		Debug|Any CPU = Debug|Any CPU
		Release|Any CPU = Release|Any CPU
	EndGlobalSection
	GlobalSection(ProjectConfigurationPlatforms) = postSolution
		{780FB429-105D-4D8B-8A04-5AC0D97ECF1E}.Debug|Any CPU.ActiveCfg = Debug|Any CPU
		{780FB429-105D-4D8B-8A04-5AC0D97ECF1E}.Debug|Any CPU.Build.0 = Debug|Any CPU
		{780FB429-105D-4D8B-8A04-5AC0D97ECF1E}.Release|Any CPU.ActiveCfg = Release|Any CPU
		{780FB429-105D-4D8B-8A04-5AC0D97ECF1E}.Release|Any CPU.Build.0 = Release|Any CPU
		{D657374F-04FA-424F-8D89-9B0F103FA93D}.Debug|Any CPU.ActiveCfg = Debug|Any CPU
		{D657374F-04FA-424F-8D89-9B0F103FA93D}.Debug|Any CPU.Build.0 = Debug|Any CPU
		{D657374F-04FA-424F-8D89-9B0F103FA93D}.Release|Any CPU.ActiveCfg = Release|Any CPU
		{D657374F-04FA-424F-8D89-9B0F103FA93D}.Release|Any CPU.Build.0 = Release|Any CPU
		{3D84B8AC-9ECF-4160-ADE8-04753FBE3A15}.Debug|Any CPU.ActiveCfg = Debug|Any CPU
		{3D84B8AC-9ECF-4160-ADE8-04753FBE3A15}.Debug|Any CPU.Build.0 = Debug|Any CPU
		{3D84B8AC-9ECF-4160-ADE8-04753FBE3A15}.Release|Any CPU.ActiveCfg = Release|Any CPU
		{3D84B8AC-9ECF-4160-ADE8-04753FBE3A15}.Release|Any CPU.Build.0 = Release|Any CPU
		{013989B8-6458-49FF-A958-3397FF04EA0A}.Debug|Any CPU.ActiveCfg = Debug|Any CPU
		{013989B8-6458-49FF-A958-3397FF04EA0A}.Debug|Any CPU.Build.0 = Debug|Any CPU
		{013989B8-6458-49FF-A958-3397FF04EA0A}.Release|Any CPU.ActiveCfg = Release|Any CPU
		{013989B8-6458-49FF-A958-3397FF04EA0A}.Release|Any CPU.Build.0 = Release|Any CPU
		{50E8DD2A-90F3-4AAA-B1BC-5D268BB53E97}.Debug|Any CPU.ActiveCfg = Debug|Any CPU
		{50E8DD2A-90F3-4AAA-B1BC-5D268BB53E97}.Debug|Any CPU.Build.0 = Debug|Any CPU
		{50E8DD2A-90F3-4AAA-B1BC-5D268BB53E97}.Release|Any CPU.ActiveCfg = Release|Any CPU
		{50E8DD2A-90F3-4AAA-B1BC-5D268BB53E97}.Release|Any CPU.Build.0 = Release|Any CPU
		{5BDB8A73-DB2A-445B-81A5-B491B6E57A38}.Debug|Any CPU.ActiveCfg = Debug|Any CPU
		{5BDB8A73-DB2A-445B-81A5-B491B6E57A38}.Debug|Any CPU.Build.0 = Debug|Any CPU
		{5BDB8A73-DB2A-445B-81A5-B491B6E57A38}.Release|Any CPU.ActiveCfg = Release|Any CPU
		{5BDB8A73-DB2A-445B-81A5-B491B6E57A38}.Release|Any CPU.Build.0 = Release|Any CPU
		{9A3A7CBB-B478-4E04-87A4-1EB9CB0F2D12}.Debug|Any CPU.ActiveCfg = Debug|Any CPU
		{9A3A7CBB-B478-4E04-87A4-1EB9CB0F2D12}.Debug|Any CPU.Build.0 = Debug|Any CPU
		{9A3A7CBB-B478-4E04-87A4-1EB9CB0F2D12}.Release|Any CPU.ActiveCfg = Release|Any CPU
		{9A3A7CBB-B478-4E04-87A4-1EB9CB0F2D12}.Release|Any CPU.Build.0 = Release|Any CPU
	EndGlobalSection
EndGlobal
